
Microsoft Visual Studio Solution File, Format Version 12.00
Project("{FAE04EC0-301F-11D3-BF4B-00C04F79EFBC}") = "MonoGameProject1", "MonoGameProject1.csproj", "{FF511F1D-678B-4F0A-894E-8675E665866C}"
EndProject
Global
	GlobalSection(SolutionConfigurationPlatforms) = preSolution
		Debug|Any CPU = Debug|Any CPU
		Release|Any CPU = Release|Any CPU
	EndGlobalSection
	GlobalSection(ProjectConfigurationPlatforms) = postSolution
		{FF511F1D-678B-4F0A-894E-8675E665866C}.Debug|Any CPU.ActiveCfg = Debug|Any CPU
		{FF511F1D-678B-4F0A-894E-8675E665866C}.Debug|Any CPU.Build.0 = Debug|Any CPU
		{FF511F1D-678B-4F0A-894E-8675E665866C}.Release|Any CPU.ActiveCfg = Release|Any CPU
		{FF511F1D-678B-4F0A-894E-8675E665866C}.Release|Any CPU.Build.0 = Release|Any CPU
	EndGlobalSection
EndGlobal
